dependencies:
- name: bn-client
  repository: file://charts/bn-client
  version: 0.1.0
- name: keycloak
  repository: https://charts.bitnami.com/bitnami
  version: 24.4.9
- name: kafka
  repository: https://charts.bitnami.com/bitnami
  version: 31.1.0
- name: zookeeper
  repository: https://charts.bitnami.com/bitnami
  version: 13.7.0
- name: identityservice
  repository: file://charts/identityservice
  version: 0.1.0
digest: sha256:2bdb4b9c9e1570132354172f75689985fa5f94786afa2501d461d1f8f086baec
generated: "2025-02-16T16:44:06.8920906+01:00"
