dependencies:
- name: bn-client
  repository: file://charts/bn-client
  version: 0.1.0
- name: keycloak
  repository: https://charts.bitnami.com/bitnami
  version: 24.4.9
- name: kafka
  repository: https://charts.bitnami.com/bitnami
  version: 31.1.0
digest: sha256:87cec64673ca67414083cebf8bd9f795dd0ed167e476f6d75d5792b76cfa1ae9
generated: "2025-02-14T17:22:00.3757397+01:00"
